// !$*UTF8*$!
{
	archiveVersion = 1;
	classes = {
	};
	objectVersion = 56;
	objects = {

/* Begin PBXBuildFile section */
		400B471B2B42B10E00C71023 /* vger in Frameworks */ = {isa = PBXBuildFile; productRef = 400B471A2B42B10E00C71023 /* vger */; };
		407DAE7C2B41B03C003ABD60 /* Renderer.cpp in Sources */ = {isa = PBXBuildFile; fileRef = 407DAE7A2B41B03C003ABD60 /* Renderer.cpp */; };
		407DAE802B41B6EA003ABD60 /* RendererAdapter.mm in Sources */ = {isa = PBXBuildFile; fileRef = 407DAE7F2B41B6EA003ABD60 /* RendererAdapter.mm */; };
		407DAE832B41BDF9003ABD60 /* MetalView.swift in Sources */ = {isa = PBXBuildFile; fileRef = 407DAE822B41BDF9003ABD60 /* MetalView.swift */; };
		407DAE852B41BE1F003ABD60 /* ViewRepresentable.swift in Sources */ = {isa = PBXBuildFile; fileRef = 407DAE842B41BE1F003ABD60 /* ViewRepresentable.swift */; };
		407DAE872B41BEA0003ABD60 /* Renderer.swift in Sources */ = {isa = PBXBuildFile; fileRef = 407DAE862B41BEA0003ABD60 /* Renderer.swift */; };
		407DAE892B41BEEA003ABD60 /* Content2.swift in Sources */ = {isa = PBXBuildFile; fileRef = 407DAE882B41BEEA003ABD60 /* Content2.swift */; };
		4098DC462B4193E100733E66 /* Mats_EngineApp.swift in Sources */ = {isa = PBXBuildFile; fileRef = 4098DC452B4193E100733E66 /* Mats_EngineApp.swift */; };
		4098DC482B4193E100733E66 /* ContentView.swift in Sources */ = {isa = PBXBuildFile; fileRef = 4098DC472B4193E100733E66 /* ContentView.swift */; };
		4098DC4A2B4193E300733E66 /* Assets.xcassets in Resources */ = {isa = PBXBuildFile; fileRef = 4098DC492B4193E300733E66 /* Assets.xcassets */; };
		4098DC4D2B4193E300733E66 /* Preview Assets.xcassets in Resources */ = {isa = PBXBuildFile; fileRef = 4098DC4C2B4193E300733E66 /* Preview Assets.xcassets */; };
		4098DC582B41952C00733E66 /* MetalKit.framework in Frameworks */ = {isa = PBXBuildFile; fileRef = 4098DC572B41952C00733E66 /* MetalKit.framework */; };
		4098DC5A2B41953400733E66 /* Metal.framework in Frameworks */ = {isa = PBXBuildFile; fileRef = 4098DC592B41953400733E66 /* Metal.framework */; };
		4098DC5C2B41953C00733E66 /* AVFoundation.framework in Frameworks */ = {isa = PBXBuildFile; fileRef = 4098DC5B2B41953C00733E66 /* AVFoundation.framework */; };
		4098DC5E2B41956A00733E66 /* Foundation.framework in Frameworks */ = {isa = PBXBuildFile; fileRef = 4098DC5D2B41956A00733E66 /* Foundation.framework */; };
/* End PBXBuildFile section */

/* Begin PBXFileReference section */
		407DAE7A2B41B03C003ABD60 /* Renderer.cpp */ = {isa = PBXFileReference; fileEncoding = 4; lastKnownFileType = sourcecode.cpp.cpp; path = Renderer.cpp; sourceTree = "<group>"; };
		407DAE7B2B41B03C003ABD60 /* Renderer.hpp */ = {isa = PBXFileReference; fileEncoding = 4; lastKnownFileType = sourcecode.cpp.h; path = Renderer.hpp; sourceTree = "<group>"; };
		407DAE7E2B41B6EA003ABD60 /* RendererAdapter.h */ = {isa = PBXFileReference; fileEncoding = 4; lastKnownFileType = sourcecode.c.h; path = RendererAdapter.h; sourceTree = "<group>"; };
		407DAE7F2B41B6EA003ABD60 /* RendererAdapter.mm */ = {isa = PBXFileReference; fileEncoding = 4; lastKnownFileType = sourcecode.cpp.objcpp; path = RendererAdapter.mm; sourceTree = "<group>"; };
		407DAE812B41B796003ABD60 /* MatsEngine-Bridging-Header.h */ = {isa = PBXFileReference; lastKnownFileType = sourcecode.c.h; path = "MatsEngine-Bridging-Header.h"; sourceTree = "<group>"; };
		407DAE822B41BDF9003ABD60 /* MetalView.swift */ = {isa = PBXFileReference; lastKnownFileType = sourcecode.swift; path = MetalView.swift; sourceTree = "<group>"; };
		407DAE842B41BE1F003ABD60 /* ViewRepresentable.swift */ = {isa = PBXFileReference; lastKnownFileType = sourcecode.swift; path = ViewRepresentable.swift; sourceTree = "<group>"; };
		407DAE862B41BEA0003ABD60 /* Renderer.swift */ = {isa = PBXFileReference; lastKnownFileType = sourcecode.swift; path = Renderer.swift; sourceTree = "<group>"; };
		407DAE882B41BEEA003ABD60 /* Content2.swift */ = {isa = PBXFileReference; lastKnownFileType = sourcecode.swift; path = Content2.swift; sourceTree = "<group>"; };
		4098DC422B4193E100733E66 /* Mats Engine.app */ = {isa = PBXFileReference; explicitFileType = wrapper.application; includeInIndex = 0; path = "Mats Engine.app"; sourceTree = BUILT_PRODUCTS_DIR; };
		4098DC452B4193E100733E66 /* Mats_EngineApp.swift */ = {isa = PBXFileReference; lastKnownFileType = sourcecode.swift; path = Mats_EngineApp.swift; sourceTree = "<group>"; };
		4098DC472B4193E100733E66 /* ContentView.swift */ = {isa = PBXFileReference; lastKnownFileType = sourcecode.swift; path = ContentView.swift; sourceTree = "<group>"; };
		4098DC492B4193E300733E66 /* Assets.xcassets */ = {isa = PBXFileReference; lastKnownFileType = folder.assetcatalog; path = Assets.xcassets; sourceTree = "<group>"; };
		4098DC4C2B4193E300733E66 /* Preview Assets.xcassets */ = {isa = PBXFileReference; lastKnownFileType = folder.assetcatalog; path = "Preview Assets.xcassets"; sourceTree = "<group>"; };
		4098DC572B41952C00733E66 /* MetalKit.framework */ = {isa = PBXFileReference; lastKnownFileType = wrapper.framework; name = MetalKit.framework; path = System/Library/Frameworks/MetalKit.framework; sourceTree = SDKROOT; };
		4098DC592B41953400733E66 /* Metal.framework */ = {isa = PBXFileReference; lastKnownFileType = wrapper.framework; name = Metal.framework; path = System/Library/Frameworks/Metal.framework; sourceTree = SDKROOT; };
		4098DC5B2B41953C00733E66 /* AVFoundation.framework */ = {isa = PBXFileReference; lastKnownFileType = wrapper.framework; name = AVFoundation.framework; path = System/Library/Frameworks/AVFoundation.framework; sourceTree = SDKROOT; };
		4098DC5D2B41956A00733E66 /* Foundation.framework */ = {isa = PBXFileReference; lastKnownFileType = wrapper.framework; name = Foundation.framework; path = System/Library/Frameworks/Foundation.framework; sourceTree = SDKROOT; };
		4098DC652B41A24D00733E66 /* module.modulemap */ = {isa = PBXFileReference; lastKnownFileType = "sourcecode.module-map"; path = module.modulemap; sourceTree = "<group>"; };
/* End PBXFileReference section */

/* Begin PBXFrameworksBuildPhase section */
		4098DC3F2B4193E100733E66 /* Frameworks */ = {
			isa = PBXFrameworksBuildPhase;
			buildActionMask = 2147483647;
			files = (
				4098DC5E2B41956A00733E66 /* Foundation.framework in Frameworks */,
				4098DC5C2B41953C00733E66 /* AVFoundation.framework in Frameworks */,
				4098DC5A2B41953400733E66 /* Metal.framework in Frameworks */,
				4098DC582B41952C00733E66 /* MetalKit.framework in Frameworks */,
				400B471B2B42B10E00C71023 /* vger in Frameworks */,
			);
			runOnlyForDeploymentPostprocessing = 0;
		};
/* End PBXFrameworksBuildPhase section */

/* Begin PBXGroup section */
		401EFF4D2B41A784007DB272 /* include */ = {
			isa = PBXGroup;
			children = (
				407DAE7B2B41B03C003ABD60 /* Renderer.hpp */,
				4098DC652B41A24D00733E66 /* module.modulemap */,
			);
			path = include;
			sourceTree = "<group>";
		};
		4098DC392B4193E100733E66 = {
			isa = PBXGroup;
			children = (
				4098DC442B4193E100733E66 /* Mats Engine */,
				4098DC432B4193E100733E66 /* Products */,
				4098DC562B41952C00733E66 /* Frameworks */,
			);
			sourceTree = "<group>";
		};
		4098DC432B4193E100733E66 /* Products */ = {
			isa = PBXGroup;
			children = (
				4098DC422B4193E100733E66 /* Mats Engine.app */,
			);
			name = Products;
			sourceTree = "<group>";
		};
		4098DC442B4193E100733E66 /* Mats Engine */ = {
			isa = PBXGroup;
			children = (
				407DAE812B41B796003ABD60 /* MatsEngine-Bridging-Header.h */,
				407DAE7E2B41B6EA003ABD60 /* RendererAdapter.h */,
				407DAE7F2B41B6EA003ABD60 /* RendererAdapter.mm */,
				4098DC642B41A0F800733E66 /* cengine */,
				4098DC452B4193E100733E66 /* Mats_EngineApp.swift */,
				4098DC472B4193E100733E66 /* ContentView.swift */,
				407DAE862B41BEA0003ABD60 /* Renderer.swift */,
				4098DC492B4193E300733E66 /* Assets.xcassets */,
				4098DC4B2B4193E300733E66 /* Preview Content */,
				407DAE822B41BDF9003ABD60 /* MetalView.swift */,
				407DAE842B41BE1F003ABD60 /* ViewRepresentable.swift */,
				407DAE882B41BEEA003ABD60 /* Content2.swift */,
			);
			path = "Mats Engine";
			sourceTree = "<group>";
		};
		4098DC4B2B4193E300733E66 /* Preview Content */ = {
			isa = PBXGroup;
			children = (
				4098DC4C2B4193E300733E66 /* Preview Assets.xcassets */,
			);
			path = "Preview Content";
			sourceTree = "<group>";
		};
		4098DC562B41952C00733E66 /* Frameworks */ = {
			isa = PBXGroup;
			children = (
				4098DC5D2B41956A00733E66 /* Foundation.framework */,
				4098DC5B2B41953C00733E66 /* AVFoundation.framework */,
				4098DC592B41953400733E66 /* Metal.framework */,
				4098DC572B41952C00733E66 /* MetalKit.framework */,
			);
			name = Frameworks;
			sourceTree = "<group>";
		};
		4098DC642B41A0F800733E66 /* cengine */ = {
			isa = PBXGroup;
			children = (
				401EFF4D2B41A784007DB272 /* include */,
				407DAE7A2B41B03C003ABD60 /* Renderer.cpp */,
			);
			path = cengine;
			sourceTree = "<group>";
		};
/* End PBXGroup section */

/* Begin PBXNativeTarget section */
		4098DC412B4193E100733E66 /* Mats Engine */ = {
			isa = PBXNativeTarget;
			buildConfigurationList = 4098DC502B4193E300733E66 /* Build configuration list for PBXNativeTarget "Mats Engine" */;
			buildPhases = (
				4098DC3E2B4193E100733E66 /* Sources */,
				4098DC3F2B4193E100733E66 /* Frameworks */,
				4098DC402B4193E100733E66 /* Resources */,
			);
			buildRules = (
			);
			dependencies = (
			);
			name = "Mats Engine";
			packageProductDependencies = (
				400B471A2B42B10E00C71023 /* vger */,
			);
			productName = "Mats Engine";
			productReference = 4098DC422B4193E100733E66 /* Mats Engine.app */;
			productType = "com.apple.product-type.application";
		};
/* End PBXNativeTarget section */

/* Begin PBXProject section */
		4098DC3A2B4193E100733E66 /* Project object */ = {
			isa = PBXProject;
			attributes = {
				BuildIndependentTargetsInParallel = 1;
				LastSwiftUpdateCheck = 1500;
				LastUpgradeCheck = 1500;
				TargetAttributes = {
					4098DC412B4193E100733E66 = {
						CreatedOnToolsVersion = 15.0.1;
						LastSwiftMigration = 1500;
					};
				};
			};
			buildConfigurationList = 4098DC3D2B4193E100733E66 /* Build configuration list for PBXProject "Mats Engine" */;
			compatibilityVersion = "Xcode 14.0";
			developmentRegion = en;
			hasScannedForEncodings = 0;
			knownRegions = (
				en,
				Base,
			);
			mainGroup = 4098DC392B4193E100733E66;
			packageReferences = (
				400B47192B42B10E00C71023 /* XCRemoteSwiftPackageReference "vger" */,
			);
			productRefGroup = 4098DC432B4193E100733E66 /* Products */;
			projectDirPath = "";
			projectRoot = "";
			targets = (
				4098DC412B4193E100733E66 /* Mats Engine */,
			);
		};
/* End PBXProject section */

/* Begin PBXResourcesBuildPhase section */
		4098DC402B4193E100733E66 /* Resources */ = {
			isa = PBXResourcesBuildPhase;
			buildActionMask = 2147483647;
			files = (
				4098DC4D2B4193E300733E66 /* Preview Assets.xcassets in Resources */,
				4098DC4A2B4193E300733E66 /* Assets.xcassets in Resources */,
			);
			runOnlyForDeploymentPostprocessing = 0;
		};
/* End PBXResourcesBuildPhase section */

/* Begin PBXSourcesBuildPhase section */
		4098DC3E2B4193E100733E66 /* Sources */ = {
			isa = PBXSourcesBuildPhase;
			buildActionMask = 2147483647;
			files = (
				407DAE7C2B41B03C003ABD60 /* Renderer.cpp in Sources */,
				4098DC482B4193E100733E66 /* ContentView.swift in Sources */,
				407DAE872B41BEA0003ABD60 /* Renderer.swift in Sources */,
				407DAE832B41BDF9003ABD60 /* MetalView.swift in Sources */,
				407DAE802B41B6EA003ABD60 /* RendererAdapter.mm in Sources */,
				4098DC462B4193E100733E66 /* Mats_EngineApp.swift in Sources */,
				407DAE892B41BEEA003ABD60 /* Content2.swift in Sources */,
				407DAE852B41BE1F003ABD60 /* ViewRepresentable.swift in Sources */,
			);
			runOnlyForDeploymentPostprocessing = 0;
		};
/* End PBXSourcesBuildPhase section */

/* Begin XCBuildConfiguration section */
		4098DC4E2B4193E300733E66 /* Debug */ = {
			isa = XCBuildConfiguration;
			buildSettings = {
				ALWAYS_SEARCH_USER_PATHS = YES;
				ASSETCATALOG_COMPILER_GENERATE_SWIFT_ASSET_SYMBOL_EXTENSIONS = YES;
				CLANG_ANALYZER_NONNULL = YES;
				CLANG_ANALYZER_NUMBER_OBJECT_CONVERSION = YES_AGGRESSIVE;
				CLANG_CXX_LANGUAGE_STANDARD = "gnu++20";
				CLANG_ENABLE_MODULES = YES;
				CLANG_ENABLE_OBJC_ARC = YES;
				CLANG_ENABLE_OBJC_WEAK = YES;
				CLANG_WARN_BLOCK_CAPTURE_AUTORELEASING = YES;
				CLANG_WARN_BOOL_CONVERSION = YES;
				CLANG_WARN_COMMA = YES;
				CLANG_WARN_CONSTANT_CONVERSION = YES;
				CLANG_WARN_DEPRECATED_OBJC_IMPLEMENTATIONS = YES;
				CLANG_WARN_DIRECT_OBJC_ISA_USAGE = YES_ERROR;
				CLANG_WARN_DOCUMENTATION_COMMENTS = YES;
				CLANG_WARN_EMPTY_BODY = YES;
				CLANG_WARN_ENUM_CONVERSION = YES;
				CLANG_WARN_INFINITE_RECURSION = YES;
				CLANG_WARN_INT_CONVERSION = YES;
				CLANG_WARN_NON_LITERAL_NULL_CONVERSION = YES;
				CLANG_WARN_OBJC_IMPLICIT_RETAIN_SELF = YES;
				CLANG_WARN_OBJC_LITERAL_CONVERSION = YES;
				CLANG_WARN_OBJC_ROOT_CLASS = YES_ERROR;
				CLANG_WARN_QUOTED_INCLUDE_IN_FRAMEWORK_HEADER = YES;
				CLANG_WARN_RANGE_LOOP_ANALYSIS = YES;
				CLANG_WARN_STRICT_PROTOTYPES = YES;
				CLANG_WARN_SUSPICIOUS_MOVE = YES;
				CLANG_WARN_UNGUARDED_AVAILABILITY = YES_AGGRESSIVE;
				CLANG_WARN_UNREACHABLE_CODE = YES;
				CLANG_WARN__DUPLICATE_METHOD_MATCH = YES;
				COPY_PHASE_STRIP = NO;
				DEBUG_INFORMATION_FORMAT = dwarf;
				ENABLE_STRICT_OBJC_MSGSEND = YES;
				ENABLE_TESTABILITY = YES;
				ENABLE_USER_SCRIPT_SANDBOXING = YES;
				GCC_C_LANGUAGE_STANDARD = gnu17;
				GCC_DYNAMIC_NO_PIC = NO;
				GCC_NO_COMMON_BLOCKS = YES;
				GCC_OPTIMIZATION_LEVEL = 0;
				GCC_PREPROCESSOR_DEFINITIONS = (
					"DEBUG=1",
					"$(inherited)",
				);
				GCC_WARN_64_TO_32_BIT_CONVERSION = YES;
				GCC_WARN_ABOUT_RETURN_TYPE = YES_ERROR;
				GCC_WARN_UNDECLARED_SELECTOR = YES;
				GCC_WARN_UNINITIALIZED_AUTOS = YES_AGGRESSIVE;
				GCC_WARN_UNUSED_FUNCTION = YES;
				GCC_WARN_UNUSED_VARIABLE = YES;
				HEADER_SEARCH_PATHS = cengine/include;
				IPHONEOS_DEPLOYMENT_TARGET = 17.0;
				LOCALIZATION_PREFERS_STRING_CATALOGS = YES;
				MODULEMAP_FILE = code/module.map;
				MTL_ENABLE_DEBUG_INFO = INCLUDE_SOURCE;
				MTL_FAST_MATH = YES;
				ONLY_ACTIVE_ARCH = YES;
				SDKROOT = iphoneos;
				SWIFT_ACTIVE_COMPILATION_CONDITIONS = "DEBUG $(inherited)";
				SWIFT_OPTIMIZATION_LEVEL = "-Onone";
			};
			name = Debug;
		};
		4098DC4F2B4193E300733E66 /* Release */ = {
			isa = XCBuildConfiguration;
			buildSettings = {
				ALWAYS_SEARCH_USER_PATHS = YES;
				ASSETCATALOG_COMPILER_GENERATE_SWIFT_ASSET_SYMBOL_EXTENSIONS = YES;
				CLANG_ANALYZER_NONNULL = YES;
				CLANG_ANALYZER_NUMBER_OBJECT_CONVERSION = YES_AGGRESSIVE;
				CLANG_CXX_LANGUAGE_STANDARD = "gnu++20";
				CLANG_ENABLE_MODULES = YES;
				CLANG_ENABLE_OBJC_ARC = YES;
				CLANG_ENABLE_OBJC_WEAK = YES;
				CLANG_WARN_BLOCK_CAPTURE_AUTORELEASING = YES;
				CLANG_WARN_BOOL_CONVERSION = YES;
				CLANG_WARN_COMMA = YES;
				CLANG_WARN_CONSTANT_CONVERSION = YES;
				CLANG_WARN_DEPRECATED_OBJC_IMPLEMENTATIONS = YES;
				CLANG_WARN_DIRECT_OBJC_ISA_USAGE = YES_ERROR;
				CLANG_WARN_DOCUMENTATION_COMMENTS = YES;
				CLANG_WARN_EMPTY_BODY = YES;
				CLANG_WARN_ENUM_CONVERSION = YES;
				CLANG_WARN_INFINITE_RECURSION = YES;
				CLANG_WARN_INT_CONVERSION = YES;
				CLANG_WARN_NON_LITERAL_NULL_CONVERSION = YES;
				CLANG_WARN_OBJC_IMPLICIT_RETAIN_SELF = YES;
				CLANG_WARN_OBJC_LITERAL_CONVERSION = YES;
				CLANG_WARN_OBJC_ROOT_CLASS = YES_ERROR;
				CLANG_WARN_QUOTED_INCLUDE_IN_FRAMEWORK_HEADER = YES;
				CLANG_WARN_RANGE_LOOP_ANALYSIS = YES;
				CLANG_WARN_STRICT_PROTOTYPES = YES;
				CLANG_WARN_SUSPICIOUS_MOVE = YES;
				CLANG_WARN_UNGUARDED_AVAILABILITY = YES_AGGRESSIVE;
				CLANG_WARN_UNREACHABLE_CODE = YES;
				CLANG_WARN__DUPLICATE_METHOD_MATCH = YES;
				COPY_PHASE_STRIP = NO;
				DEBUG_INFORMATION_FORMAT = "dwarf-with-dsym";
				ENABLE_NS_ASSERTIONS = NO;
				ENABLE_STRICT_OBJC_MSGSEND = YES;
				ENABLE_USER_SCRIPT_SANDBOXING = YES;
				GCC_C_LANGUAGE_STANDARD = gnu17;
				GCC_NO_COMMON_BLOCKS = YES;
				GCC_WARN_64_TO_32_BIT_CONVERSION = YES;
				GCC_WARN_ABOUT_RETURN_TYPE = YES_ERROR;
				GCC_WARN_UNDECLARED_SELECTOR = YES;
				GCC_WARN_UNINITIALIZED_AUTOS = YES_AGGRESSIVE;
				GCC_WARN_UNUSED_FUNCTION = YES;
				GCC_WARN_UNUSED_VARIABLE = YES;
				HEADER_SEARCH_PATHS = cengine/include;
				IPHONEOS_DEPLOYMENT_TARGET = 17.0;
				LOCALIZATION_PREFERS_STRING_CATALOGS = YES;
				MODULEMAP_FILE = code/module.map;
				MTL_ENABLE_DEBUG_INFO = NO;
				MTL_FAST_MATH = YES;
				SDKROOT = iphoneos;
				SWIFT_COMPILATION_MODE = wholemodule;
				VALIDATE_PRODUCT = YES;
			};
			name = Release;
		};
		4098DC512B4193E300733E66 /* Debug */ = {
			isa = XCBuildConfiguration;
			buildSettings = {
				ASSETCATALOG_COMPILER_APPICON_NAME = AppIcon;
				ASSETCATALOG_COMPILER_GLOBAL_ACCENT_COLOR_NAME = AccentColor;
				CLANG_ENABLE_MODULES = YES;
				CODE_SIGN_STYLE = Automatic;
				CURRENT_PROJECT_VERSION = 1;
				DEVELOPMENT_ASSET_PATHS = "\"Mats Engine/Preview Content\"";
				DEVELOPMENT_TEAM = W2V29MV569;
				ENABLE_PREVIEWS = YES;
				GENERATE_INFOPLIST_FILE = YES;
				HEADER_SEARCH_PATHS = (
					"metal-cpp-extensions/**",
					"metal-cpp/**",
					"cengine/include/**",
					"/Users/mat/gitroot/metal-cpp/**",
				);
				INFOPLIST_KEY_NSMicrophoneUsageDescription = "Uses Mic";
				INFOPLIST_KEY_UIApplicationSceneManifest_Generation = YES;
				INFOPLIST_KEY_UIApplicationSupportsIndirectInputEvents = YES;
				INFOPLIST_KEY_UILaunchScreen_Generation = YES;
				INFOPLIST_KEY_UIRequiresFullScreen = YES;
				INFOPLIST_KEY_UIStatusBarHidden = YES;
				INFOPLIST_KEY_UISupportedInterfaceOrientations_iPad = "UIInterfaceOrientationPortrait UIInterfaceOrientationPortraitUpsideDown UIInterfaceOrientationLandscapeLeft UIInterfaceOrientationLandscapeRight";
				INFOPLIST_KEY_UISupportedInterfaceOrientations_iPhone = "UIInterfaceOrientationPortrait UIInterfaceOrientationLandscapeLeft UIInterfaceOrientationLandscapeRight";
				LD_RUNPATH_SEARCH_PATHS = (
					"$(inherited)",
					"@executable_path/Frameworks",
				);
				MARKETING_VERSION = 1.0;
				MODULEMAP_FILE = "/Users/mat/TECH41/gitroot/matsengine/Mats Engine/Mats Engine/cengine/include/module.modulemap";
				OTHER_SWIFT_FLAGS = "-cxx-interoperability-mode=default";
				PRODUCT_BUNDLE_IDENTIFIER = de.tech41.matsengine;
				PRODUCT_NAME = "$(TARGET_NAME)";
				SWIFT_ACTIVE_COMPILATION_CONDITIONS = "";
				SWIFT_EMIT_LOC_STRINGS = YES;
				SWIFT_INCLUDE_PATHS = "\"./Mats Engine/cengine/include\"";
				SWIFT_OBJC_BRIDGING_HEADER = "Mats Engine/MatsEngine-Bridging-Header.h";
				SWIFT_OBJC_INTEROP_MODE = objcxx;
				SWIFT_OPTIMIZATION_LEVEL = "-Onone";
				SWIFT_VERSION = 5.0;
				TARGETED_DEVICE_FAMILY = "1,2";
				USER_HEADER_SEARCH_PATHS = "cengine/**";
			};
			name = Debug;
		};
		4098DC522B4193E300733E66 /* Release */ = {
			isa = XCBuildConfiguration;
			buildSettings = {
				ASSETCATALOG_COMPILER_APPICON_NAME = AppIcon;
				ASSETCATALOG_COMPILER_GLOBAL_ACCENT_COLOR_NAME = AccentColor;
				CLANG_ENABLE_MODULES = YES;
				CODE_SIGN_STYLE = Automatic;
				CURRENT_PROJECT_VERSION = 1;
				DEVELOPMENT_ASSET_PATHS = "\"Mats Engine/Preview Content\"";
				DEVELOPMENT_TEAM = W2V29MV569;
				ENABLE_PREVIEWS = YES;
				GENERATE_INFOPLIST_FILE = YES;
				HEADER_SEARCH_PATHS = (
					"metal-cpp-extensions/**",
					"metal-cpp/**",
					"cengine/include/**",
					"/Users/mat/gitroot/metal-cpp/**",
				);
				INFOPLIST_KEY_NSMicrophoneUsageDescription = "Uses Mic";
				INFOPLIST_KEY_UIApplicationSceneManifest_Generation = YES;
				INFOPLIST_KEY_UIApplicationSupportsIndirectInputEvents = YES;
				INFOPLIST_KEY_UILaunchScreen_Generation = YES;
				INFOPLIST_KEY_UIRequiresFullScreen = YES;
				INFOPLIST_KEY_UIStatusBarHidden = YES;
				INFOPLIST_KEY_UISupportedInterfaceOrientations_iPad = "UIInterfaceOrientationPortrait UIInterfaceOrientationPortraitUpsideDown UIInterfaceOrientationLandscapeLeft UIInterfaceOrientationLandscapeRight";
				INFOPLIST_KEY_UISupportedInterfaceOrientations_iPhone = "UIInterfaceOrientationPortrait UIInterfaceOrientationLandscapeLeft UIInterfaceOrientationLandscapeRight";
				LD_RUNPATH_SEARCH_PATHS = (
					"$(inherited)",
					"@executable_path/Frameworks",
				);
				MARKETING_VERSION = 1.0;
				MODULEMAP_FILE = "/Users/mat/TECH41/gitroot/matsengine/Mats Engine/Mats Engine/cengine/include/module.modulemap";
				OTHER_SWIFT_FLAGS = "-cxx-interoperability-mode=default";
				PRODUCT_BUNDLE_IDENTIFIER = de.tech41.matsengine;
				PRODUCT_NAME = "$(TARGET_NAME)";
				SWIFT_ACTIVE_COMPILATION_CONDITIONS = "";
				SWIFT_EMIT_LOC_STRINGS = YES;
				SWIFT_INCLUDE_PATHS = "\"./Mats Engine/cengine/include\"";
				SWIFT_OBJC_BRIDGING_HEADER = "Mats Engine/MatsEngine-Bridging-Header.h";
				SWIFT_OBJC_INTEROP_MODE = objcxx;
				SWIFT_VERSION = 5.0;
				TARGETED_DEVICE_FAMILY = "1,2";
				USER_HEADER_SEARCH_PATHS = "cengine/**";
			};
			name = Release;
		};
/* End XCBuildConfiguration section */

/* Begin XCConfigurationList section */
		4098DC3D2B4193E100733E66 /* Build configuration list for PBXProject "Mats Engine" */ = {
			isa = XCConfigurationList;
			buildConfigurations = (
				4098DC4E2B4193E300733E66 /* Debug */,
				4098DC4F2B4193E300733E66 /* Release */,
			);
			defaultConfigurationIsVisible = 0;
			defaultConfigurationName = Release;
		};
		4098DC502B4193E300733E66 /* Build configuration list for PBXNativeTarget "Mats Engine" */ = {
			isa = XCConfigurationList;
			buildConfigurations = (
				4098DC512B4193E300733E66 /* Debug */,
				4098DC522B4193E300733E66 /* Release */,
			);
			defaultConfigurationIsVisible = 0;
			defaultConfigurationName = Release;
		};
/* End XCConfigurationList section */

/* Begin XCRemoteSwiftPackageReference section */
		400B47192B42B10E00C71023 /* XCRemoteSwiftPackageReference "vger" */ = {
			isa = XCRemoteSwiftPackageReference;
			repositoryURL = "https://github.com/audulus/vger.git";
			requirement = {
				kind = upToNextMajorVersion;
				minimumVersion = 1.0.1;
			};
		};
/* End XCRemoteSwiftPackageReference section */

/* Begin XCSwiftPackageProductDependency section */
		400B471A2B42B10E00C71023 /* vger */ = {
			isa = XCSwiftPackageProductDependency;
			package = 400B47192B42B10E00C71023 /* XCRemoteSwiftPackageReference "vger" */;
			productName = vger;
		};
/* End XCSwiftPackageProductDependency section */
	};
	rootObject = 4098DC3A2B4193E100733E66 /* Project object */;
}
